
Microsoft Visual Studio Solution File, Format Version 12.00
# Visual Studio Version 16
VisualStudioVersion = 16.0.31515.178
MinimumVisualStudioVersion = 10.0.40219.1
Project("{FAE04EC0-301F-11D3-BF4B-00C04F79EFBC}") = "EducationFirst", "EducationFirst\EducationFirst.csproj", "{20366771-60CC-4495-94B5-E41FA6BEFA3B}"
EndProject
Global
	GlobalSection(SolutionConfigurationPlatforms) = preSolution
		Debug|Any CPU = Debug|Any CPU
		Release|Any CPU = Release|Any CPU
	EndGlobalSection
	GlobalSection(ProjectConfigurationPlatforms) = postSolution
		{20366771-60CC-4495-94B5-E41FA6BEFA3B}.Debug|Any CPU.ActiveCfg = Debug|Any CPU
		{20366771-60CC-4495-94B5-E41FA6BEFA3B}.Debug|Any CPU.Build.0 = Debug|Any CPU
		{20366771-60CC-4495-94B5-E41FA6BEFA3B}.Release|Any CPU.ActiveCfg = Release|Any CPU
		{20366771-60CC-4495-94B5-E41FA6BEFA3B}.Release|Any CPU.Build.0 = Release|Any CPU
	EndGlobalSection
	GlobalSection(SolutionProperties) = preSolution
		HideSolutionNode = FALSE
	EndGlobalSection
	GlobalSection(ExtensibilityGlobals) = postSolution
		SolutionGuid = {C7ABC782-11F6-494C-8FD4-C194ED3D4AFE}
	EndGlobalSection
EndGlobal
